
Microsoft Visual Studio Solution File, Format Version 12.00
# Visual Studio 15
VisualStudioVersion = 15.0.28307.1231
MinimumVisualStudioVersion = 10.0.40219.1
Project("{FAE04EC0-301F-11D3-BF4B-00C04F79EFBC}") = "HostFileService", "HostFileService\HostFileService.csproj", "{67426BC3-E975-4032-A4A1-FA113DD0993D}"
EndProject
Project("{54435603-DBB4-11D2-8724-00A0C9A8B90C}") = "HostFileServiceSetup", "HostFileServiceSetup\HostFileServiceSetup.vdproj", "{968481BC-32C5-4674-B9AF-1E64F6D36CE2}"
EndProject
Global
	GlobalSection(SolutionConfigurationPlatforms) = preSolution
		Debug|Any CPU = Debug|Any CPU
		Release|Any CPU = Release|Any CPU
	EndGlobalSection
	GlobalSection(ProjectConfigurationPlatforms) = postSolution
		{67426BC3-E975-4032-A4A1-FA113DD0993D}.Debug|Any CPU.ActiveCfg = Debug|Any CPU
		{67426BC3-E975-4032-A4A1-FA113DD0993D}.Debug|Any CPU.Build.0 = Debug|Any CPU
		{67426BC3-E975-4032-A4A1-FA113DD0993D}.Release|Any CPU.ActiveCfg = Release|Any CPU
		{67426BC3-E975-4032-A4A1-FA113DD0993D}.Release|Any CPU.Build.0 = Release|Any CPU
		{968481BC-32C5-4674-B9AF-1E64F6D36CE2}.Debug|Any CPU.ActiveCfg = Debug
		{968481BC-32C5-4674-B9AF-1E64F6D36CE2}.Debug|Any CPU.Build.0 = Debug
		{968481BC-32C5-4674-B9AF-1E64F6D36CE2}.Release|Any CPU.ActiveCfg = Release
		{968481BC-32C5-4674-B9AF-1E64F6D36CE2}.Release|Any CPU.Build.0 = Release
	EndGlobalSection
	GlobalSection(SolutionProperties) = preSolution
		HideSolutionNode = FALSE
	EndGlobalSection
	GlobalSection(ExtensibilityGlobals) = postSolution
		SolutionGuid = {5F34AFDF-BBFB-403E-B83E-B1780D4C7AD6}
	EndGlobalSection
EndGlobal
